
Microsoft Visual Studio Solution File, Format Version 12.00
# Visual Studio Version 16
VisualStudioVersion = 16.0.31729.503
MinimumVisualStudioVersion = 10.0.40219.1
Project("{9A19103F-16F7-4668-BE54-9A1E7A4F7556}") = "Task1", "Task1\Task1.csproj", "{FFD5B17A-C390-49DA-BF66-F8301D8C0C1F}"
EndProject
Project("{FAE04EC0-301F-11D3-BF4B-00C04F79EFBC}") = "Task2", "Task2\Task2.csproj", "{9BDE5D04-D5B5-4D32-9C13-B39A4203C5CE}"
EndProject
Global
	GlobalSection(SolutionConfigurationPlatforms) = preSolution
		Debug|Any CPU = Debug|Any CPU
		Release|Any CPU = Release|Any CPU
	EndGlobalSection
	GlobalSection(ProjectConfigurationPlatforms) = postSolution
		{FFD5B17A-C390-49DA-BF66-F8301D8C0C1F}.Debug|Any CPU.ActiveCfg = Debug|Any CPU
		{FFD5B17A-C390-49DA-BF66-F8301D8C0C1F}.Debug|Any CPU.Build.0 = Debug|Any CPU
		{FFD5B17A-C390-49DA-BF66-F8301D8C0C1F}.Release|Any CPU.ActiveCfg = Release|Any CPU
		{FFD5B17A-C390-49DA-BF66-F8301D8C0C1F}.Release|Any CPU.Build.0 = Release|Any CPU
		{9BDE5D04-D5B5-4D32-9C13-B39A4203C5CE}.Debug|Any CPU.ActiveCfg = Debug|Any CPU
		{9BDE5D04-D5B5-4D32-9C13-B39A4203C5CE}.Debug|Any CPU.Build.0 = Debug|Any CPU
		{9BDE5D04-D5B5-4D32-9C13-B39A4203C5CE}.Release|Any CPU.ActiveCfg = Release|Any CPU
		{9BDE5D04-D5B5-4D32-9C13-B39A4203C5CE}.Release|Any CPU.Build.0 = Release|Any CPU
	EndGlobalSection
	GlobalSection(SolutionProperties) = preSolution
		HideSolutionNode = FALSE
	EndGlobalSection
	GlobalSection(ExtensibilityGlobals) = postSolution
		SolutionGuid = {2B629724-81FA-4270-AF04-9D9E12AA1529}
	EndGlobalSection
EndGlobal
